PODS:
  - AFNetworking (3.1.0):
    - AFNetworking/NSURLSession (= 3.1.0)
    - AFNetworking/Reachability (= 3.1.0)
    - AFNetworking/Security (= 3.1.0)
    - AFNetworking/Serialization (= 3.1.0)
    - AFNetworking/UIKit (= 3.1.0)
  - AFNetworking/NSURLSession (3.1.0):
    - AFNetworking/Reachability
    - AFNetworking/Security
    - AFNetworking/Serialization
  - AFNetworking/Reachability (3.1.0)
  - AFNetworking/Security (3.1.0)
  - AFNetworking/Serialization (3.1.0)
  - AFNetworking/UIKit (3.1.0):
    - AFNetworking/NSURLSession
  - FMDB (2.6.2):
    - FMDB/standard (= 2.6.2)
  - FMDB/standard (2.6.2)
  - LE_AFNetworking (0.1.9):
    - AFNetworking (~> 3)
    - FMDB
    - LEFrameworks
  - LEFrameworks (0.3.6)

DEPENDENCIES:
  - LE_AFNetworking (from `../`)

EXTERNAL SOURCES:
  LE_AFNetworking:
    :path: ../

SPEC CHECKSUMS:
  AFNetworking: 5e0e199f73d8626b11e79750991f5d173d1f8b67
  FMDB: 854a0341b4726e53276f2a8996f06f1b80f9259a
  LE_AFNetworking: e960116f2cc9091fc1ef6befa20685732fea5838
  LEFrameworks: 6aa7935a64625e1c425be1ff8a2f0721caba6161

PODFILE CHECKSUM: ab42e96dc284e8fcbe1c0cd314cc3509536e4906

COCOAPODS: 1.0.1
