PODS:
  - AFNetworking (3.1.0):
    - AFNetworking/NSURLSession (= 3.1.0)
    - AFNetworking/Reachability (= 3.1.0)
    - AFNetworking/Security (= 3.1.0)
    - AFNetworking/Serialization (= 3.1.0)
    - AFNetworking/UIKit (= 3.1.0)
  - AFNetworking/NSURLSession (3.1.0):
    - AFNetworking/Reachability
    - AFNetworking/Security
    - AFNetworking/Serialization
  - AFNetworking/Reachability (3.1.0)
  - AFNetworking/Security (3.1.0)
  - AFNetworking/Serialization (3.1.0)
  - AFNetworking/UIKit (3.1.0):
    - AFNetworking/NSURLSession
  - FMDB (2.6.2):
    - FMDB/standard (= 2.6.2)
  - FMDB/standard (2.6.2)
  - LE_AFNetworking (0.3.5):
    - AFNetworking (~> 3)
    - FMDB
    - LEFoundation
  - LEFoundation (0.1.9)
  - LEFrameworks (0.6.4):
    - LEFoundation

DEPENDENCIES:
  - LE_AFNetworking (from `../`)
  - LEFrameworks

EXTERNAL SOURCES:
  LE_AFNetworking:
    :path: "../"

SPEC CHECKSUMS:
  AFNetworking: 5e0e199f73d8626b11e79750991f5d173d1f8b67
  FMDB: 854a0341b4726e53276f2a8996f06f1b80f9259a
  LE_AFNetworking: c3627cebcad2265fd981452fcfc28445ed556ba7
  LEFoundation: 854f466d03ab18f3b40251bb629105ff2f8843ce
  LEFrameworks: c92bffbbac5c4bf84fa9a2faafe43702e9816640

PODFILE CHECKSUM: e18ade04bf291e5a5438aade1bca1dbadf3069d5

COCOAPODS: 1.2.1
